
Microsoft Visual Studio Solution File, Format Version 12.00
# Visual Studio Version 17
VisualStudioVersion = 17.1.32328.378
MinimumVisualStudioVersion = 10.0.40219.1
Project("{9A19103F-16F7-4668-BE54-9A1E7A4F7556}") = "CubeCsv", "CubeCsv\CubeCsv.csproj", "{4DEB4B09-4A25-459F-9E7D-C466F5B86083}"
EndProject
Project("{9A19103F-16F7-4668-BE54-9A1E7A4F7556}") = "CubeCsv.Tests", "CubeCsv.Tests\CubeCsv.Tests.csproj", "{55090937-62FB-471B-AE43-83BE847E27CA}"
EndProject
Global
	GlobalSection(SolutionConfigurationPlatforms) = preSolution
		Debug|Any CPU = Debug|Any CPU
		Release|Any CPU = Release|Any CPU
	EndGlobalSection
	GlobalSection(ProjectConfigurationPlatforms) = postSolution
		{4DEB4B09-4A25-459F-9E7D-C466F5B86083}.Debug|Any CPU.ActiveCfg = Debug|Any CPU
		{4DEB4B09-4A25-459F-9E7D-C466F5B86083}.Debug|Any CPU.Build.0 = Debug|Any CPU
		{4DEB4B09-4A25-459F-9E7D-C466F5B86083}.Release|Any CPU.ActiveCfg = Release|Any CPU
		{4DEB4B09-4A25-459F-9E7D-C466F5B86083}.Release|Any CPU.Build.0 = Release|Any CPU
		{55090937-62FB-471B-AE43-83BE847E27CA}.Debug|Any CPU.ActiveCfg = Debug|Any CPU
		{55090937-62FB-471B-AE43-83BE847E27CA}.Debug|Any CPU.Build.0 = Debug|Any CPU
		{55090937-62FB-471B-AE43-83BE847E27CA}.Release|Any CPU.ActiveCfg = Release|Any CPU
		{55090937-62FB-471B-AE43-83BE847E27CA}.Release|Any CPU.Build.0 = Release|Any CPU
	EndGlobalSection
	GlobalSection(SolutionProperties) = preSolution
		HideSolutionNode = FALSE
	EndGlobalSection
	GlobalSection(ExtensibilityGlobals) = postSolution
		SolutionGuid = {4AE6B796-7F2D-44FC-BDDF-29EACD831150}
	EndGlobalSection
EndGlobal
